
Microsoft Visual Studio Solution File, Format Version 12.00
# Visual Studio Version 17
VisualStudioVersion = 17.9.34622.214
MinimumVisualStudioVersion = 10.0.40219.1
Project("{FAE04EC0-301F-11D3-BF4B-00C04F79EFBC}") = "Stephan-Toy assignment", "Stephan-Toy assignment.csproj", "{5D489A78-46D3-4502-A35E-7D77CBB4E92A}"
EndProject
Global
	GlobalSection(SolutionConfigurationPlatforms) = preSolution
		Debug|Any CPU = Debug|Any CPU
		Release|Any CPU = Release|Any CPU
	EndGlobalSection
	GlobalSection(ProjectConfigurationPlatforms) = postSolution
		{5D489A78-46D3-4502-A35E-7D77CBB4E92A}.Debug|Any CPU.ActiveCfg = Debug|Any CPU
		{5D489A78-46D3-4502-A35E-7D77CBB4E92A}.Debug|Any CPU.Build.0 = Debug|Any CPU
		{5D489A78-46D3-4502-A35E-7D77CBB4E92A}.Release|Any CPU.ActiveCfg = Release|Any CPU
		{5D489A78-46D3-4502-A35E-7D77CBB4E92A}.Release|Any CPU.Build.0 = Release|Any CPU
	EndGlobalSection
	GlobalSection(SolutionProperties) = preSolution
		HideSolutionNode = FALSE
	EndGlobalSection
	GlobalSection(ExtensibilityGlobals) = postSolution
		SolutionGuid = {E2DA803C-9812-47D2-844D-8D6849311BBD}
	EndGlobalSection
EndGlobal
